dependencies:
  espressif/esp_websocket_client:
    component_hash: 3f3b04c060ca52c8a06b96b39f22f50086f2bb41d9e9a2411e809cf6b7edfa60
    dependencies:
    - name: idf
      require: private
      version: '>=5.0'
    source:
      registry_url: https://components.espressif.com/
      type: service
    version: 1.1.0
  espressif/mdns:
    component_hash: d36b265164be5139f92de993f08f5ecaa0de0c0acbf84deee1f10bb5902d04ff
    dependencies:
    - name: idf
      require: private
      version: '>=5.0'
    source:
      registry_url: https://components.espressif.com/
      type: service
    version: 1.4.3
  idf:
    source:
      type: idf
    version: 5.5.0
direct_dependencies:
- espressif/esp_websocket_client
- espressif/mdns
- idf
manifest_hash: 27e349ff85541097152e32f20d6e8c8b894a2d1a2f15bba9385c5b94df10bd54
target: esp32c3
version: 2.0.0
